
Microsoft Visual Studio Solution File, Format Version 10.00
# Visual Studio 2008
Project("{FAE04EC0-301F-11D3-BF4B-00C04F79EFBC}") = "BSQueue", "BSQueue.csproj", "{1293BB36-2953-465B-AB6A-88EE4B2B11C5}"
EndProject
Global
	GlobalSection(SolutionConfigurationPlatforms) = preSolution
		Debug|Any CPU = Debug|Any CPU
		Release|Any CPU = Release|Any CPU
	EndGlobalSection
	GlobalSection(ProjectConfigurationPlatforms) = postSolution
		{1293BB36-2953-465B-AB6A-88EE4B2B11C5}.Debug|Any CPU.ActiveCfg = Debug|Any CPU
		{1293BB36-2953-465B-AB6A-88EE4B2B11C5}.Debug|Any CPU.Build.0 = Debug|Any CPU
		{1293BB36-2953-465B-AB6A-88EE4B2B11C5}.Release|Any CPU.ActiveCfg = Release|Any CPU
		{1293BB36-2953-465B-AB6A-88EE4B2B11C5}.Release|Any CPU.Build.0 = Release|Any CPU
	EndGlobalSection
	GlobalSection(SolutionProperties) = preSolution
		HideSolutionNode = FALSE
	EndGlobalSection
EndGlobal
